
Microsoft Visual Studio Solution File, Format Version 12.00
# Visual Studio Version 16
VisualStudioVersion = 16.0.31112.23
MinimumVisualStudioVersion = 10.0.40219.1
Project("{FAE04EC0-301F-11D3-BF4B-00C04F79EFBC}") = "SimpleFlashcards", "SimpleFlashcards\SimpleFlashcards.csproj", "{ED8CD94B-6759-4C69-96DD-86741FE9FAC1}"
EndProject
Global
	GlobalSection(SolutionConfigurationPlatforms) = preSolution
		Debug|Any CPU = Debug|Any CPU
		Release|Any CPU = Release|Any CPU
	EndGlobalSection
	GlobalSection(ProjectConfigurationPlatforms) = postSolution
		{ED8CD94B-6759-4C69-96DD-86741FE9FAC1}.Debug|Any CPU.ActiveCfg = Debug|Any CPU
		{ED8CD94B-6759-4C69-96DD-86741FE9FAC1}.Debug|Any CPU.Build.0 = Debug|Any CPU
		{ED8CD94B-6759-4C69-96DD-86741FE9FAC1}.Release|Any CPU.ActiveCfg = Release|Any CPU
		{ED8CD94B-6759-4C69-96DD-86741FE9FAC1}.Release|Any CPU.Build.0 = Release|Any CPU
	EndGlobalSection
	GlobalSection(SolutionProperties) = preSolution
		HideSolutionNode = FALSE
	EndGlobalSection
	GlobalSection(ExtensibilityGlobals) = postSolution
		SolutionGuid = {3897F4EF-6E3C-4CB1-92ED-F1AE17639155}
	EndGlobalSection
EndGlobal
